
Microsoft Visual Studio Solution File, Format Version 12.00
# Visual Studio Version 16
VisualStudioVersion = 16.0.31005.135
MinimumVisualStudioVersion = 10.0.40219.1
Project("{FAE04EC0-301F-11D3-BF4B-00C04F79EFBC}") = "The ARAI Project", "The ARAI Project\The ARAI Project.csproj", "{6A71A32B-C5EB-4B3D-985E-4910472D2432}"
EndProject
Global
	GlobalSection(SolutionConfigurationPlatforms) = preSolution
		Debug|Any CPU = Debug|Any CPU
		Release|Any CPU = Release|Any CPU
	EndGlobalSection
	GlobalSection(ProjectConfigurationPlatforms) = postSolution
		{6A71A32B-C5EB-4B3D-985E-4910472D2432}.Debug|Any CPU.ActiveCfg = Debug|Any CPU
		{6A71A32B-C5EB-4B3D-985E-4910472D2432}.Debug|Any CPU.Build.0 = Debug|Any CPU
		{6A71A32B-C5EB-4B3D-985E-4910472D2432}.Release|Any CPU.ActiveCfg = Release|Any CPU
		{6A71A32B-C5EB-4B3D-985E-4910472D2432}.Release|Any CPU.Build.0 = Release|Any CPU
	EndGlobalSection
	GlobalSection(SolutionProperties) = preSolution
		HideSolutionNode = FALSE
	EndGlobalSection
	GlobalSection(ExtensibilityGlobals) = postSolution
		SolutionGuid = {CEBC1435-1803-40B6-970D-5966EF7CA215}
	EndGlobalSection
EndGlobal
